// !$*UTF8*$!
{
	archiveVersion = 1;
	classes = {
	};
	objectVersion = 55;
	objects = {

/* Begin PBXBuildFile section */
		1249CE6B2A0002B200C2DD22 /* FavoritViewController.swift in Sources */ = {isa = PBXBuildFile; fileRef = 1249CE6A2A0002B200C2DD22 /* FavoritViewController.swift */; };
		1249CE6D2A0002F300C2DD22 /* FavoritTableViewCell.swift in Sources */ = {isa = PBXBuildFile; fileRef = 1249CE6C2A0002F300C2DD22 /* FavoritTableViewCell.swift */; };
		127964A429FC17A700409F1E /* AppDelegate.swift in Sources */ = {isa = PBXBuildFile; fileRef = 127964A329FC17A700409F1E /* AppDelegate.swift */; };
		127964A629FC17A700409F1E /* SceneDelegate.swift in Sources */ = {isa = PBXBuildFile; fileRef = 127964A529FC17A700409F1E /* SceneDelegate.swift */; };
		127964A829FC17A700409F1E /* ViewController.swift in Sources */ = {isa = PBXBuildFile; fileRef = 127964A729FC17A700409F1E /* ViewController.swift */; };
		127964AB29FC17A700409F1E /* Main.storyboard in Resources */ = {isa = PBXBuildFile; fileRef = 127964A929FC17A700409F1E /* Main.storyboard */; };
		127964AD29FC17A900409F1E /* Assets.xcassets in Resources */ = {isa = PBXBuildFile; fileRef = 127964AC29FC17A900409F1E /* Assets.xcassets */; };
		127964B029FC17A900409F1E /* LaunchScreen.storyboard in Resources */ = {isa = PBXBuildFile; fileRef = 127964AE29FC17A900409F1E /* LaunchScreen.storyboard */; };
		129AB33E29FC4C5900B6A53B /* Model.swift in Sources */ = {isa = PBXBuildFile; fileRef = 129AB33D29FC4C5900B6A53B /* Model.swift */; };
		129AB34029FC4C8700B6A53B /* Networking.swift in Sources */ = {isa = PBXBuildFile; fileRef = 129AB33F29FC4C8700B6A53B /* Networking.swift */; };
		129AB34429FC504E00B6A53B /* TableViewCell.swift in Sources */ = {isa = PBXBuildFile; fileRef = 129AB34329FC504E00B6A53B /* TableViewCell.swift */; };
/* End PBXBuildFile section */

/* Begin PBXFileReference section */
		1249CE6A2A0002B200C2DD22 /* FavoritViewController.swift */ = {isa = PBXFileReference; lastKnownFileType = sourcecode.swift; path = FavoritViewController.swift; sourceTree = "<group>"; };
		1249CE6C2A0002F300C2DD22 /* FavoritTableViewCell.swift */ = {isa = PBXFileReference; lastKnownFileType = sourcecode.swift; path = FavoritTableViewCell.swift; sourceTree = "<group>"; };
		127964A329FC17A700409F1E /* AppDelegate.swift */ = {isa = PBXFileReference; lastKnownFileType = sourcecode.swift; path = AppDelegate.swift; sourceTree = "<group>"; };
		127964A529FC17A700409F1E /* SceneDelegate.swift */ = {isa = PBXFileReference; lastKnownFileType = sourcecode.swift; path = SceneDelegate.swift; sourceTree = "<group>"; };
		127964A729FC17A700409F1E /* ViewController.swift */ = {isa = PBXFileReference; lastKnownFileType = sourcecode.swift; path = ViewController.swift; sourceTree = "<group>"; };
		127964AA29FC17A700409F1E /* Base */ = {isa = PBXFileReference; lastKnownFileType = file.storyboard; name = Base; path = Base.lproj/Main.storyboard; sourceTree = "<group>"; };
		127964AC29FC17A900409F1E /* Assets.xcassets */ = {isa = PBXFileReference; lastKnownFileType = folder.assetcatalog; path = Assets.xcassets; sourceTree = "<group>"; };
		127964AF29FC17A900409F1E /* Base */ = {isa = PBXFileReference; lastKnownFileType = file.storyboard; name = Base; path = Base.lproj/LaunchScreen.storyboard; sourceTree = "<group>"; };
		127964B129FC17A900409F1E /* Info.plist */ = {isa = PBXFileReference; lastKnownFileType = text.plist.xml; path = Info.plist; sourceTree = "<group>"; };
		129AB33D29FC4C5900B6A53B /* Model.swift */ = {isa = PBXFileReference; lastKnownFileType = sourcecode.swift; path = Model.swift; sourceTree = "<group>"; };
		129AB33F29FC4C8700B6A53B /* Networking.swift */ = {isa = PBXFileReference; lastKnownFileType = sourcecode.swift; path = Networking.swift; sourceTree = "<group>"; };
		129AB34329FC504E00B6A53B /* TableViewCell.swift */ = {isa = PBXFileReference; lastKnownFileType = sourcecode.swift; path = TableViewCell.swift; sourceTree = "<group>"; };
		12D41DEB2A00111500B865DC /* parse.app */ = {isa = PBXFileReference; explicitFileType = wrapper.application; includeInIndex = 0; name = parse.app; path = "/Users/antonpavlov/Desktop/parse/build/Debug-iphoneos/parse.app"; sourceTree = "<absolute>"; };
/* End PBXFileReference section */

/* Begin PBXFrameworksBuildPhase section */
		1279649D29FC17A700409F1E /* Frameworks */ = {
			isa = PBXFrameworksBuildPhase;
			buildActionMask = 2147483647;
			files = (
			);
			runOnlyForDeploymentPostprocessing = 0;
		};
/* End PBXFrameworksBuildPhase section */

/* Begin PBXGroup section */
		1279649729FC17A700409F1E = {
			isa = PBXGroup;
			children = (
				128B66E529FEE34A00462A77 /* Models */,
				128B66E329FEE31B00462A77 /* ViewControllers */,
				129AB34129FC4CEA00B6A53B /* Application */,
				127964A229FC17A700409F1E /* parse */,
			);
			sourceTree = "<group>";
		};
		127964A229FC17A700409F1E /* parse */ = {
			isa = PBXGroup;
			children = (
				127964A929FC17A700409F1E /* Main.storyboard */,
				127964AC29FC17A900409F1E /* Assets.xcassets */,
				127964AE29FC17A900409F1E /* LaunchScreen.storyboard */,
				127964B129FC17A900409F1E /* Info.plist */,
			);
			path = parse;
			sourceTree = "<group>";
		};
		128B66E329FEE31B00462A77 /* ViewControllers */ = {
			isa = PBXGroup;
			children = (
				127964A729FC17A700409F1E /* ViewController.swift */,
				1249CE6A2A0002B200C2DD22 /* FavoritViewController.swift */,
				128B66E429FEE32C00462A77 /* Cells */,
			);
			path = ViewControllers;
			sourceTree = "<group>";
		};
		128B66E429FEE32C00462A77 /* Cells */ = {
			isa = PBXGroup;
			children = (
				129AB34329FC504E00B6A53B /* TableViewCell.swift */,
				1249CE6C2A0002F300C2DD22 /* FavoritTableViewCell.swift */,
			);
			path = Cells;
			sourceTree = "<group>";
		};
		128B66E529FEE34A00462A77 /* Models */ = {
			isa = PBXGroup;
			children = (
				129AB33F29FC4C8700B6A53B /* Networking.swift */,
				129AB33D29FC4C5900B6A53B /* Model.swift */,
			);
			path = Models;
			sourceTree = "<group>";
		};
		129AB34129FC4CEA00B6A53B /* Application */ = {
			isa = PBXGroup;
			children = (
				127964A329FC17A700409F1E /* AppDelegate.swift */,
				127964A529FC17A700409F1E /* SceneDelegate.swift */,
			);
			path = Application;
			sourceTree = "<group>";
		};
/* End PBXGroup section */

/* Begin PBXNativeTarget section */
		1279649F29FC17A700409F1E /* parse */ = {
			isa = PBXNativeTarget;
			buildConfigurationList = 127964B429FC17A900409F1E /* Build configuration list for PBXNativeTarget "parse" */;
			buildPhases = (
				1279649C29FC17A700409F1E /* Sources */,
				1279649D29FC17A700409F1E /* Frameworks */,
				1279649E29FC17A700409F1E /* Resources */,
			);
			buildRules = (
			);
			dependencies = (
			);
			name = parse;
			productName = parse;
			productReference = 12D41DEB2A00111500B865DC /* parse.app */;
			productType = "com.apple.product-type.application";
		};
/* End PBXNativeTarget section */

/* Begin PBXProject section */
		1279649829FC17A700409F1E /* Project object */ = {
			isa = PBXProject;
			attributes = {
				BuildIndependentTargetsInParallel = 1;
				LastSwiftUpdateCheck = 1300;
				LastUpgradeCheck = 1300;
				TargetAttributes = {
					1279649F29FC17A700409F1E = {
						CreatedOnToolsVersion = 13.0;
					};
				};
			};
			buildConfigurationList = 1279649B29FC17A700409F1E /* Build configuration list for PBXProject "parse" */;
			compatibilityVersion = "Xcode 13.0";
			developmentRegion = en;
			hasScannedForEncodings = 0;
			knownRegions = (
				en,
				Base,
			);
			mainGroup = 1279649729FC17A700409F1E;
			productRefGroup = 1279649729FC17A700409F1E;
			projectDirPath = "";
			projectRoot = "";
			targets = (
				1279649F29FC17A700409F1E /* parse */,
			);
		};
/* End PBXProject section */

/* Begin PBXResourcesBuildPhase section */
		1279649E29FC17A700409F1E /* Resources */ = {
			isa = PBXResourcesBuildPhase;
			buildActionMask = 2147483647;
			files = (
				127964B029FC17A900409F1E /* LaunchScreen.storyboard in Resources */,
				127964AD29FC17A900409F1E /* Assets.xcassets in Resources */,
				127964AB29FC17A700409F1E /* Main.storyboard in Resources */,
			);
			runOnlyForDeploymentPostprocessing = 0;
		};
/* End PBXResourcesBuildPhase section */

/* Begin PBXSourcesBuildPhase section */
		1279649C29FC17A700409F1E /* Sources */ = {
			isa = PBXSourcesBuildPhase;
			buildActionMask = 2147483647;
			files = (
				1249CE6B2A0002B200C2DD22 /* FavoritViewController.swift in Sources */,
				127964A829FC17A700409F1E /* ViewController.swift in Sources */,
				129AB34029FC4C8700B6A53B /* Networking.swift in Sources */,
				1249CE6D2A0002F300C2DD22 /* FavoritTableViewCell.swift in Sources */,
				127964A429FC17A700409F1E /* AppDelegate.swift in Sources */,
				129AB34429FC504E00B6A53B /* TableViewCell.swift in Sources */,
				127964A629FC17A700409F1E /* SceneDelegate.swift in Sources */,
				129AB33E29FC4C5900B6A53B /* Model.swift in Sources */,
			);
			runOnlyForDeploymentPostprocessing = 0;
		};
/* End PBXSourcesBuildPhase section */

/* Begin PBXVariantGroup section */
		127964A929FC17A700409F1E /* Main.storyboard */ = {
			isa = PBXVariantGroup;
			children = (
				127964AA29FC17A700409F1E /* Base */,
			);
			name = Main.storyboard;
			sourceTree = "<group>";
		};
		127964AE29FC17A900409F1E /* LaunchScreen.storyboard */ = {
			isa = PBXVariantGroup;
			children = (
				127964AF29FC17A900409F1E /* Base */,
			);
			name = LaunchScreen.storyboard;
			sourceTree = "<group>";
		};
/* End PBXVariantGroup section */

/* Begin XCBuildConfiguration section */
		127964B229FC17A900409F1E /* Debug */ = {
			isa = XCBuildConfiguration;
			buildSettings = {
				ALWAYS_SEARCH_USER_PATHS = NO;
				CLANG_ANALYZER_NONNULL = YES;
				CLANG_ANALYZER_NUMBER_OBJECT_CONVERSION = YES_AGGRESSIVE;
				CLANG_CXX_LANGUAGE_STANDARD = "gnu++17";
				CLANG_CXX_LIBRARY = "libc++";
				CLANG_ENABLE_MODULES = YES;
				CLANG_ENABLE_OBJC_ARC = YES;
				CLANG_ENABLE_OBJC_WEAK = YES;
				CLANG_WARN_BLOCK_CAPTURE_AUTORELEASING = YES;
				CLANG_WARN_BOOL_CONVERSION = YES;
				CLANG_WARN_COMMA = YES;
				CLANG_WARN_CONSTANT_CONVERSION = YES;
				CLANG_WARN_DEPRECATED_OBJC_IMPLEMENTATIONS = YES;
				CLANG_WARN_DIRECT_OBJC_ISA_USAGE = YES_ERROR;
				CLANG_WARN_DOCUMENTATION_COMMENTS = YES;
				CLANG_WARN_EMPTY_BODY = YES;
				CLANG_WARN_ENUM_CONVERSION = YES;
				CLANG_WARN_INFINITE_RECURSION = YES;
				CLANG_WARN_INT_CONVERSION = YES;
				CLANG_WARN_NON_LITERAL_NULL_CONVERSION = YES;
				CLANG_WARN_OBJC_IMPLICIT_RETAIN_SELF = YES;
				CLANG_WARN_OBJC_LITERAL_CONVERSION = YES;
				CLANG_WARN_OBJC_ROOT_CLASS = YES_ERROR;
				CLANG_WARN_QUOTED_INCLUDE_IN_FRAMEWORK_HEADER = YES;
				CLANG_WARN_RANGE_LOOP_ANALYSIS = YES;
				CLANG_WARN_STRICT_PROTOTYPES = YES;
				CLANG_WARN_SUSPICIOUS_MOVE = YES;
				CLANG_WARN_UNGUARDED_AVAILABILITY = YES_AGGRESSIVE;
				CLANG_WARN_UNREACHABLE_CODE = YES;
				CLANG_WARN__DUPLICATE_METHOD_MATCH = YES;
				COPY_PHASE_STRIP = NO;
				DEBUG_INFORMATION_FORMAT = dwarf;
				ENABLE_STRICT_OBJC_MSGSEND = YES;
				ENABLE_TESTABILITY = YES;
				GCC_C_LANGUAGE_STANDARD = gnu11;
				GCC_DYNAMIC_NO_PIC = NO;
				GCC_NO_COMMON_BLOCKS = YES;
				GCC_OPTIMIZATION_LEVEL = 0;
				GCC_PREPROCESSOR_DEFINITIONS = (
					"DEBUG=1",
					"$(inherited)",
				);
				GCC_WARN_64_TO_32_BIT_CONVERSION = YES;
				GCC_WARN_ABOUT_RETURN_TYPE = YES_ERROR;
				GCC_WARN_UNDECLARED_SELECTOR = YES;
				GCC_WARN_UNINITIALIZED_AUTOS = YES_AGGRESSIVE;
				GCC_WARN_UNUSED_FUNCTION = YES;
				GCC_WARN_UNUSED_VARIABLE = YES;
				IPHONEOS_DEPLOYMENT_TARGET = 15.0;
				MTL_ENABLE_DEBUG_INFO = INCLUDE_SOURCE;
				MTL_FAST_MATH = YES;
				ONLY_ACTIVE_ARCH = YES;
				SDKROOT = iphoneos;
				SWIFT_ACTIVE_COMPILATION_CONDITIONS = DEBUG;
				SWIFT_OPTIMIZATION_LEVEL = "-Onone";
			};
			name = Debug;
		};
		127964B329FC17A900409F1E /* Release */ = {
			isa = XCBuildConfiguration;
			buildSettings = {
				ALWAYS_SEARCH_USER_PATHS = NO;
				CLANG_ANALYZER_NONNULL = YES;
				CLANG_ANALYZER_NUMBER_OBJECT_CONVERSION = YES_AGGRESSIVE;
				CLANG_CXX_LANGUAGE_STANDARD = "gnu++17";
				CLANG_CXX_LIBRARY = "libc++";
				CLANG_ENABLE_MODULES = YES;
				CLANG_ENABLE_OBJC_ARC = YES;
				CLANG_ENABLE_OBJC_WEAK = YES;
				CLANG_WARN_BLOCK_CAPTURE_AUTORELEASING = YES;
				CLANG_WARN_BOOL_CONVERSION = YES;
				CLANG_WARN_COMMA = YES;
				CLANG_WARN_CONSTANT_CONVERSION = YES;
				CLANG_WARN_DEPRECATED_OBJC_IMPLEMENTATIONS = YES;
				CLANG_WARN_DIRECT_OBJC_ISA_USAGE = YES_ERROR;
				CLANG_WARN_DOCUMENTATION_COMMENTS = YES;
				CLANG_WARN_EMPTY_BODY = YES;
				CLANG_WARN_ENUM_CONVERSION = YES;
				CLANG_WARN_INFINITE_RECURSION = YES;
				CLANG_WARN_INT_CONVERSION = YES;
				CLANG_WARN_NON_LITERAL_NULL_CONVERSION = YES;
				CLANG_WARN_OBJC_IMPLICIT_RETAIN_SELF = YES;
				CLANG_WARN_OBJC_LITERAL_CONVERSION = YES;
				CLANG_WARN_OBJC_ROOT_CLASS = YES_ERROR;
				CLANG_WARN_QUOTED_INCLUDE_IN_FRAMEWORK_HEADER = YES;
				CLANG_WARN_RANGE_LOOP_ANALYSIS = YES;
				CLANG_WARN_STRICT_PROTOTYPES = YES;
				CLANG_WARN_SUSPICIOUS_MOVE = YES;
				CLANG_WARN_UNGUARDED_AVAILABILITY = YES_AGGRESSIVE;
				CLANG_WARN_UNREACHABLE_CODE = YES;
				CLANG_WARN__DUPLICATE_METHOD_MATCH = YES;
				COPY_PHASE_STRIP = NO;
				DEBUG_INFORMATION_FORMAT = "dwarf-with-dsym";
				ENABLE_NS_ASSERTIONS = NO;
				ENABLE_STRICT_OBJC_MSGSEND = YES;
				GCC_C_LANGUAGE_STANDARD = gnu11;
				GCC_NO_COMMON_BLOCKS = YES;
				GCC_WARN_64_TO_32_BIT_CONVERSION = YES;
				GCC_WARN_ABOUT_RETURN_TYPE = YES_ERROR;
				GCC_WARN_UNDECLARED_SELECTOR = YES;
				GCC_WARN_UNINITIALIZED_AUTOS = YES_AGGRESSIVE;
				GCC_WARN_UNUSED_FUNCTION = YES;
				GCC_WARN_UNUSED_VARIABLE = YES;
				IPHONEOS_DEPLOYMENT_TARGET = 15.0;
				MTL_ENABLE_DEBUG_INFO = NO;
				MTL_FAST_MATH = YES;
				SDKROOT = iphoneos;
				SWIFT_COMPILATION_MODE = wholemodule;
				SWIFT_OPTIMIZATION_LEVEL = "-O";
				VALIDATE_PRODUCT = YES;
			};
			name = Release;
		};
		127964B529FC17A900409F1E /* Debug */ = {
			isa = XCBuildConfiguration;
			buildSettings = {
				ASSETCATALOG_COMPILER_APPICON_NAME = AppIcon;
				ASSETCATALOG_COMPILER_GLOBAL_ACCENT_COLOR_NAME = AccentColor;
				CODE_SIGN_STYLE = Automatic;
				CURRENT_PROJECT_VERSION = 1;
				GENERATE_INFOPLIST_FILE = YES;
				INFOPLIST_FILE = parse/Info.plist;
				INFOPLIST_KEY_UIApplicationSupportsIndirectInputEvents = YES;
				INFOPLIST_KEY_UILaunchStoryboardName = LaunchScreen;
				INFOPLIST_KEY_UIMainStoryboardFile = Main;
				INFOPLIST_KEY_UISupportedInterfaceOrientations = UIInterfaceOrientationPortrait;
				INFOPLIST_KEY_UISupportedInterfaceOrientations_iPad = "UIInterfaceOrientationPortrait UIInterfaceOrientationPortraitUpsideDown UIInterfaceOrientationLandscapeLeft UIInterfaceOrientationLandscapeRight";
				INFOPLIST_KEY_UISupportedInterfaceOrientations_iPhone = "UIInterfaceOrientationPortrait UIInterfaceOrientationLandscapeLeft UIInterfaceOrientationLandscapeRight";
				LD_RUNPATH_SEARCH_PATHS = (
					"$(inherited)",
					"@executable_path/Frameworks",
				);
				MARKETING_VERSION = 1.0;
				PRODUCT_BUNDLE_IDENTIFIER = ru.mts.parse;
				PRODUCT_NAME = "$(TARGET_NAME)";
				SWIFT_EMIT_LOC_STRINGS = YES;
				SWIFT_VERSION = 5.0;
				TARGETED_DEVICE_FAMILY = 1;
			};
			name = Debug;
		};
		127964B629FC17A900409F1E /* Release */ = {
			isa = XCBuildConfiguration;
			buildSettings = {
				ASSETCATALOG_COMPILER_APPICON_NAME = AppIcon;
				ASSETCATALOG_COMPILER_GLOBAL_ACCENT_COLOR_NAME = AccentColor;
				CODE_SIGN_STYLE = Automatic;
				CURRENT_PROJECT_VERSION = 1;
				GENERATE_INFOPLIST_FILE = YES;
				INFOPLIST_FILE = parse/Info.plist;
				INFOPLIST_KEY_UIApplicationSupportsIndirectInputEvents = YES;
				INFOPLIST_KEY_UILaunchStoryboardName = LaunchScreen;
				INFOPLIST_KEY_UIMainStoryboardFile = Main;
				INFOPLIST_KEY_UISupportedInterfaceOrientations = UIInterfaceOrientationPortrait;
				INFOPLIST_KEY_UISupportedInterfaceOrientations_iPad = "UIInterfaceOrientationPortrait UIInterfaceOrientationPortraitUpsideDown UIInterfaceOrientationLandscapeLeft UIInterfaceOrientationLandscapeRight";
				INFOPLIST_KEY_UISupportedInterfaceOrientations_iPhone = "UIInterfaceOrientationPortrait UIInterfaceOrientationLandscapeLeft UIInterfaceOrientationLandscapeRight";
				LD_RUNPATH_SEARCH_PATHS = (
					"$(inherited)",
					"@executable_path/Frameworks",
				);
				MARKETING_VERSION = 1.0;
				PRODUCT_BUNDLE_IDENTIFIER = ru.mts.parse;
				PRODUCT_NAME = "$(TARGET_NAME)";
				SWIFT_EMIT_LOC_STRINGS = YES;
				SWIFT_VERSION = 5.0;
				TARGETED_DEVICE_FAMILY = 1;
			};
			name = Release;
		};
/* End XCBuildConfiguration section */

/* Begin XCConfigurationList section */
		1279649B29FC17A700409F1E /* Build configuration list for PBXProject "parse" */ = {
			isa = XCConfigurationList;
			buildConfigurations = (
				127964B229FC17A900409F1E /* Debug */,
				127964B329FC17A900409F1E /* Release */,
			);
			defaultConfigurationIsVisible = 0;
			defaultConfigurationName = Release;
		};
		127964B429FC17A900409F1E /* Build configuration list for PBXNativeTarget "parse" */ = {
			isa = XCConfigurationList;
			buildConfigurations = (
				127964B529FC17A900409F1E /* Debug */,
				127964B629FC17A900409F1E /* Release */,
			);
			defaultConfigurationIsVisible = 0;
			defaultConfigurationName = Release;
		};
/* End XCConfigurationList section */
	};
	rootObject = 1279649829FC17A700409F1E /* Project object */;
}
